
Microsoft Visual Studio Solution File, Format Version 12.00
# Visual Studio Version 17
VisualStudioVersion = 17.3.32825.248
MinimumVisualStudioVersion = 10.0.40219.1
Project("{E24C65DC-7377-472B-9ABA-BC803B73C61A}") = "miotrekking.it", ".", "{935AB194-F208-4538-B8C1-ABF4C05A4013}"
	ProjectSection(WebsiteProperties) = preProject
		TargetFrameworkMoniker = ".NETFramework,Version%3Dv4.8"
		Debug.AspNetCompiler.VirtualPath = "/localhost_50579"
		Debug.AspNetCompiler.PhysicalPath = "..\miotrekking.it\"
		Debug.AspNetCompiler.TargetPath = "PrecompiledWeb\localhost_50579\"
		Debug.AspNetCompiler.Updateable = "true"
		Debug.AspNetCompiler.ForceOverwrite = "true"
		Debug.AspNetCompiler.FixedNames = "false"
		Debug.AspNetCompiler.Debug = "True"
		Release.AspNetCompiler.VirtualPath = "/localhost_50579"
		Release.AspNetCompiler.PhysicalPath = "..\miotrekking.it\"
		Release.AspNetCompiler.TargetPath = "PrecompiledWeb\localhost_50579\"
		Release.AspNetCompiler.Updateable = "true"
		Release.AspNetCompiler.ForceOverwrite = "true"
		Release.AspNetCompiler.FixedNames = "false"
		Release.AspNetCompiler.Debug = "False"
		VWDPort = "50579"
		SlnRelativePath = "..\miotrekking.it\"
	EndProjectSection
EndProject
Global
	GlobalSection(SolutionConfigurationPlatforms) = preSolution
		Debug|Any CPU = Debug|Any CPU
	EndGlobalSection
	GlobalSection(ProjectConfigurationPlatforms) = postSolution
		{935AB194-F208-4538-B8C1-ABF4C05A4013}.Debug|Any CPU.ActiveCfg = Debug|Any CPU
		{935AB194-F208-4538-B8C1-ABF4C05A4013}.Debug|Any CPU.Build.0 = Debug|Any CPU
	EndGlobalSection
	GlobalSection(SolutionProperties) = preSolution
		HideSolutionNode = FALSE
	EndGlobalSection
	GlobalSection(ExtensibilityGlobals) = postSolution
		SolutionGuid = {47CC6107-C4BE-46C8-83D6-3E118DB395C0}
	EndGlobalSection
EndGlobal
